
Microsoft Visual Studio Solution File, Format Version 12.00
# Visual Studio Version 16
VisualStudioVersion = 16.0.30114.105
MinimumVisualStudioVersion = 10.0.40219.1
Project("{9A19103F-16F7-4668-BE54-9A1E7A4F7556}") = "MealMate", "MealMate\MealMate.csproj", "{9088082E-C5B9-4491-9117-E904F8D3DE26}"
EndProject
Project("{00D1A9C2-B5F0-4AF3-8072-F6C62B433612}") = "MealMateDB", "MealMateDB\MealMateDB.sqlproj", "{BAFF249B-8F41-45C7-8D33-81E519798562}"
EndProject
Global
	GlobalSection(SolutionConfigurationPlatforms) = preSolution
		Debug|Any CPU = Debug|Any CPU
		Release|Any CPU = Release|Any CPU
	EndGlobalSection
	GlobalSection(ProjectConfigurationPlatforms) = postSolution
		{9088082E-C5B9-4491-9117-E904F8D3DE26}.Debug|Any CPU.ActiveCfg = Debug|Any CPU
		{9088082E-C5B9-4491-9117-E904F8D3DE26}.Debug|Any CPU.Build.0 = Debug|Any CPU
		{9088082E-C5B9-4491-9117-E904F8D3DE26}.Release|Any CPU.ActiveCfg = Release|Any CPU
		{9088082E-C5B9-4491-9117-E904F8D3DE26}.Release|Any CPU.Build.0 = Release|Any CPU
		{BAFF249B-8F41-45C7-8D33-81E519798562}.Debug|Any CPU.ActiveCfg = Debug|Any CPU
		{BAFF249B-8F41-45C7-8D33-81E519798562}.Debug|Any CPU.Build.0 = Debug|Any CPU
		{BAFF249B-8F41-45C7-8D33-81E519798562}.Debug|Any CPU.Deploy.0 = Debug|Any CPU
		{BAFF249B-8F41-45C7-8D33-81E519798562}.Release|Any CPU.ActiveCfg = Release|Any CPU
		{BAFF249B-8F41-45C7-8D33-81E519798562}.Release|Any CPU.Build.0 = Release|Any CPU
		{BAFF249B-8F41-45C7-8D33-81E519798562}.Release|Any CPU.Deploy.0 = Release|Any CPU
	EndGlobalSection
	GlobalSection(SolutionProperties) = preSolution
		HideSolutionNode = FALSE
	EndGlobalSection
	GlobalSection(ExtensibilityGlobals) = postSolution
		SolutionGuid = {C45355E4-79AC-4C09-BF20-893FDE157E9E}
	EndGlobalSection
EndGlobal
