
Microsoft Visual Studio Solution File, Format Version 12.00
# Visual Studio Version 16
VisualStudioVersion = 16.0.30114.105
MinimumVisualStudioVersion = 10.0.40219.1
Project("{9A19103F-16F7-4668-BE54-9A1E7A4F7556}") = "MealMate", "MealMate\MealMate.csproj", "{9088082E-C5B9-4491-9117-E904F8D3DE26}"
EndProject
Project("{FAE04EC0-301F-11D3-BF4B-00C04F79EFBC}") = "authtest2", "authtest2\authtest2.csproj", "{857F60D4-275A-48E6-8859-17FFBFFF8C4D}"
EndProject
Global
	GlobalSection(SolutionConfigurationPlatforms) = preSolution
		Debug|Any CPU = Debug|Any CPU
		Release|Any CPU = Release|Any CPU
	EndGlobalSection
	GlobalSection(ProjectConfigurationPlatforms) = postSolution
		{9088082E-C5B9-4491-9117-E904F8D3DE26}.Debug|Any CPU.ActiveCfg = Debug|Any CPU
		{9088082E-C5B9-4491-9117-E904F8D3DE26}.Debug|Any CPU.Build.0 = Debug|Any CPU
		{9088082E-C5B9-4491-9117-E904F8D3DE26}.Release|Any CPU.ActiveCfg = Release|Any CPU
		{9088082E-C5B9-4491-9117-E904F8D3DE26}.Release|Any CPU.Build.0 = Release|Any CPU
		{857F60D4-275A-48E6-8859-17FFBFFF8C4D}.Debug|Any CPU.ActiveCfg = Debug|Any CPU
		{857F60D4-275A-48E6-8859-17FFBFFF8C4D}.Debug|Any CPU.Build.0 = Debug|Any CPU
		{857F60D4-275A-48E6-8859-17FFBFFF8C4D}.Release|Any CPU.ActiveCfg = Release|Any CPU
		{857F60D4-275A-48E6-8859-17FFBFFF8C4D}.Release|Any CPU.Build.0 = Release|Any CPU
	EndGlobalSection
	GlobalSection(SolutionProperties) = preSolution
		HideSolutionNode = FALSE
	EndGlobalSection
	GlobalSection(ExtensibilityGlobals) = postSolution
		SolutionGuid = {C45355E4-79AC-4C09-BF20-893FDE157E9E}
	EndGlobalSection
EndGlobal
